
Microsoft Visual Studio Solution File, Format Version 12.00
# Visual Studio 15
VisualStudioVersion = 15.0.27130.2036
MinimumVisualStudioVersion = 15.0.26430.12
Project("{9A19103F-16F7-4668-BE54-9A1E7A4F7556}") = "SetStartupProjects", "SetStartupProjects\SetStartupProjects.csproj", "{13AEE464-1D0F-4EA7-9686-6A4E96CC343F}"
EndProject
Project("{9A19103F-16F7-4668-BE54-9A1E7A4F7556}") = "Tests", "Tests\Tests.csproj", "{DFF7FC13-F9C7-477E-A95E-855CD73FD9A0}"
EndProject
Project("{2150E333-8FDC-42A3-9474-1A3956D46DE8}") = "Solution Items", "Solution Items", "{A3EFBED7-AD47-4A9B-970B-5DE49024B6B9}"
	ProjectSection(SolutionItems) = preProject
		Directory.Build.props = Directory.Build.props
		Directory.Packages.props = Directory.Packages.props
	EndProjectSection
EndProject
Global
	GlobalSection(SolutionConfigurationPlatforms) = preSolution
		Debug|Any CPU = Debug|Any CPU
		Release|Any CPU = Release|Any CPU
	EndGlobalSection
	GlobalSection(ProjectConfigurationPlatforms) = postSolution
		{13AEE464-1D0F-4EA7-9686-6A4E96CC343F}.Debug|Any CPU.ActiveCfg = Debug|Any CPU
		{13AEE464-1D0F-4EA7-9686-6A4E96CC343F}.Debug|Any CPU.Build.0 = Debug|Any CPU
		{13AEE464-1D0F-4EA7-9686-6A4E96CC343F}.Release|Any CPU.ActiveCfg = Release|Any CPU
		{13AEE464-1D0F-4EA7-9686-6A4E96CC343F}.Release|Any CPU.Build.0 = Release|Any CPU
		{DFF7FC13-F9C7-477E-A95E-855CD73FD9A0}.Debug|Any CPU.ActiveCfg = Debug|Any CPU
		{DFF7FC13-F9C7-477E-A95E-855CD73FD9A0}.Debug|Any CPU.Build.0 = Debug|Any CPU
		{DFF7FC13-F9C7-477E-A95E-855CD73FD9A0}.Release|Any CPU.ActiveCfg = Release|Any CPU
		{DFF7FC13-F9C7-477E-A95E-855CD73FD9A0}.Release|Any CPU.Build.0 = Release|Any CPU
	EndGlobalSection
	GlobalSection(SolutionProperties) = preSolution
		HideSolutionNode = FALSE
	EndGlobalSection
	GlobalSection(ExtensibilityGlobals) = postSolution
		EnterpriseLibraryConfigurationToolBinariesPath = packages\Unity.2.1.505.2\lib\NET35;packages\Unity.Interception.2.1.505.2\lib\NET35;packages\EnterpriseLibrary.Common.5.0.505.0\lib\NET35;packages\EnterpriseLibrary.Logging.5.0.505.1\lib\NET35
		SolutionGuid = {19FBED4E-61C3-4291-97F5-D0524F6F1D1F}
	EndGlobalSection
EndGlobal
