<Solution>
  <Folder Name="/Solution Items/">
    <File Path="../.gitattributes" />
    <File Path="appveyor.yml" />
    <File Path="Directory.Build.props" />
    <File Path="Directory.Packages.props" />
    <File Path="global.json" />
  </Folder>
  <Project Path="SetStartupProjects/SetStartupProjects.csproj" />
  <Project Path="Tests/Tests.csproj" />
  <Properties Name="ExtensibilityGlobals" Scope="PostLoad">
    <Property Name="EnterpriseLibraryConfigurationToolBinariesPath" Value="packages\Unity.2.1.505.2\lib\NET35;packages\Unity.Interception.2.1.505.2\lib\NET35;packages\EnterpriseLibrary.Common.5.0.505.0\lib\NET35;packages\EnterpriseLibrary.Logging.5.0.505.1\lib\NET35" />
  </Properties>
</Solution>